
Microsoft Visual Studio Solution File, Format Version 12.00
# Visual Studio Version 17
VisualStudioVersion = 17.0.31903.59
MinimumVisualStudioVersion = 10.0.40219.1
Project("{FAE04EC0-301F-11D3-BF4B-00C04F79EFBC}") = "GameBoy", "GameBoy\GameBoy.csproj", "{E3682F3B-248F-4C4E-A6D1-545F0C8F5A60}"
EndProject
Project("{FAE04EC0-301F-11D3-BF4B-00C04F79EFBC}") = "GameBoy.CLI", "GameBoy.CLI\GameBoy.CLI.csproj", "{61F0F52F-BFC6-4605-BE9A-F83C7DE32E26}"
EndProject
Global
	GlobalSection(SolutionProperties) = preSolution
		HideSolutionNode = FALSE
	EndGlobalSection
	GlobalSection(SolutionConfigurationPlatforms) = preSolution
		Debug|Any CPU = Debug|Any CPU
		Debug|x64 = Debug|x64
		Debug|x86 = Debug|x86
		Release|Any CPU = Release|Any CPU
		Release|x64 = Release|x64
		Release|x86 = Release|x86
	EndGlobalSection
	GlobalSection(ProjectConfigurationPlatforms) = postSolution
		{E3682F3B-248F-4C4E-A6D1-545F0C8F5A60}.Debug|Any CPU.ActiveCfg = Debug|Any CPU
		{E3682F3B-248F-4C4E-A6D1-545F0C8F5A60}.Debug|Any CPU.Build.0 = Debug|Any CPU
		{E3682F3B-248F-4C4E-A6D1-545F0C8F5A60}.Debug|x64.ActiveCfg = Debug|Any CPU
		{E3682F3B-248F-4C4E-A6D1-545F0C8F5A60}.Debug|x64.Build.0 = Debug|Any CPU
		{E3682F3B-248F-4C4E-A6D1-545F0C8F5A60}.Debug|x86.ActiveCfg = Debug|Any CPU
		{E3682F3B-248F-4C4E-A6D1-545F0C8F5A60}.Debug|x86.Build.0 = Debug|Any CPU
		{E3682F3B-248F-4C4E-A6D1-545F0C8F5A60}.Release|Any CPU.ActiveCfg = Release|Any CPU
		{E3682F3B-248F-4C4E-A6D1-545F0C8F5A60}.Release|Any CPU.Build.0 = Release|Any CPU
		{E3682F3B-248F-4C4E-A6D1-545F0C8F5A60}.Release|x64.ActiveCfg = Release|Any CPU
		{E3682F3B-248F-4C4E-A6D1-545F0C8F5A60}.Release|x64.Build.0 = Release|Any CPU
		{E3682F3B-248F-4C4E-A6D1-545F0C8F5A60}.Release|x86.ActiveCfg = Release|Any CPU
		{E3682F3B-248F-4C4E-A6D1-545F0C8F5A60}.Release|x86.Build.0 = Release|Any CPU
		{61F0F52F-BFC6-4605-BE9A-F83C7DE32E26}.Debug|Any CPU.ActiveCfg = Debug|Any CPU
		{61F0F52F-BFC6-4605-BE9A-F83C7DE32E26}.Debug|Any CPU.Build.0 = Debug|Any CPU
		{61F0F52F-BFC6-4605-BE9A-F83C7DE32E26}.Debug|x64.ActiveCfg = Debug|Any CPU
		{61F0F52F-BFC6-4605-BE9A-F83C7DE32E26}.Debug|x64.Build.0 = Debug|Any CPU
		{61F0F52F-BFC6-4605-BE9A-F83C7DE32E26}.Debug|x86.ActiveCfg = Debug|Any CPU
		{61F0F52F-BFC6-4605-BE9A-F83C7DE32E26}.Debug|x86.Build.0 = Debug|Any CPU
		{61F0F52F-BFC6-4605-BE9A-F83C7DE32E26}.Release|Any CPU.ActiveCfg = Release|Any CPU
		{61F0F52F-BFC6-4605-BE9A-F83C7DE32E26}.Release|Any CPU.Build.0 = Release|Any CPU
		{61F0F52F-BFC6-4605-BE9A-F83C7DE32E26}.Release|x64.ActiveCfg = Release|Any CPU
		{61F0F52F-BFC6-4605-BE9A-F83C7DE32E26}.Release|x64.Build.0 = Release|Any CPU
		{61F0F52F-BFC6-4605-BE9A-F83C7DE32E26}.Release|x86.ActiveCfg = Release|Any CPU
		{61F0F52F-BFC6-4605-BE9A-F83C7DE32E26}.Release|x86.Build.0 = Release|Any CPU
	EndGlobalSection
EndGlobal
