
Microsoft Visual Studio Solution File, Format Version 12.00
# Visual Studio Version 17
VisualStudioVersion = 17.0.31903.59
MinimumVisualStudioVersion = 10.0.40219.1
Project("{FAE04EC0-301F-11D3-BF4B-00C04F79EFBC}") = "GameBoy.Emulator", "GameBoy.Emulator\GameBoy.Emulator.csproj", "{A8E2FDF3-A750-49A9-81C0-35A124BB2FFD}"
EndProject
Project("{FAE04EC0-301F-11D3-BF4B-00C04F79EFBC}") = "GameBoy.Tests", "GameBoy.Tests\GameBoy.Tests.csproj", "{312FF6C7-936E-44DF-A1A6-4D5791B87597}"
EndProject
Project("{FAE04EC0-301F-11D3-BF4B-00C04F79EFBC}") = "GameBoy.ConsoleApp", "GameBoy.ConsoleApp\GameBoy.ConsoleApp.csproj", "{C8326FC5-8CA7-48C5-919D-245FF096A012}"
EndProject
Global
	GlobalSection(SolutionProperties) = preSolution
		HideSolutionNode = FALSE
	EndGlobalSection
	GlobalSection(SolutionConfigurationPlatforms) = preSolution
		Debug|Any CPU = Debug|Any CPU
		Debug|x64 = Debug|x64
		Debug|x86 = Debug|x86
		Release|Any CPU = Release|Any CPU
		Release|x64 = Release|x64
		Release|x86 = Release|x86
	EndGlobalSection
	GlobalSection(ProjectConfigurationPlatforms) = postSolution
		{A8E2FDF3-A750-49A9-81C0-35A124BB2FFD}.Debug|Any CPU.ActiveCfg = Debug|Any CPU
		{A8E2FDF3-A750-49A9-81C0-35A124BB2FFD}.Debug|Any CPU.Build.0 = Debug|Any CPU
		{A8E2FDF3-A750-49A9-81C0-35A124BB2FFD}.Debug|x64.ActiveCfg = Debug|Any CPU
		{A8E2FDF3-A750-49A9-81C0-35A124BB2FFD}.Debug|x64.Build.0 = Debug|Any CPU
		{A8E2FDF3-A750-49A9-81C0-35A124BB2FFD}.Debug|x86.ActiveCfg = Debug|Any CPU
		{A8E2FDF3-A750-49A9-81C0-35A124BB2FFD}.Debug|x86.Build.0 = Debug|Any CPU
		{A8E2FDF3-A750-49A9-81C0-35A124BB2FFD}.Release|Any CPU.ActiveCfg = Release|Any CPU
		{A8E2FDF3-A750-49A9-81C0-35A124BB2FFD}.Release|Any CPU.Build.0 = Release|Any CPU
		{A8E2FDF3-A750-49A9-81C0-35A124BB2FFD}.Release|x64.ActiveCfg = Release|Any CPU
		{A8E2FDF3-A750-49A9-81C0-35A124BB2FFD}.Release|x64.Build.0 = Release|Any CPU
		{A8E2FDF3-A750-49A9-81C0-35A124BB2FFD}.Release|x86.ActiveCfg = Release|Any CPU
		{A8E2FDF3-A750-49A9-81C0-35A124BB2FFD}.Release|x86.Build.0 = Release|Any CPU
		{312FF6C7-936E-44DF-A1A6-4D5791B87597}.Debug|Any CPU.ActiveCfg = Debug|Any CPU
		{312FF6C7-936E-44DF-A1A6-4D5791B87597}.Debug|Any CPU.Build.0 = Debug|Any CPU
		{312FF6C7-936E-44DF-A1A6-4D5791B87597}.Debug|x64.ActiveCfg = Debug|Any CPU
		{312FF6C7-936E-44DF-A1A6-4D5791B87597}.Debug|x64.Build.0 = Debug|Any CPU
		{312FF6C7-936E-44DF-A1A6-4D5791B87597}.Debug|x86.ActiveCfg = Debug|Any CPU
		{312FF6C7-936E-44DF-A1A6-4D5791B87597}.Debug|x86.Build.0 = Debug|Any CPU
		{312FF6C7-936E-44DF-A1A6-4D5791B87597}.Release|Any CPU.ActiveCfg = Release|Any CPU
		{312FF6C7-936E-44DF-A1A6-4D5791B87597}.Release|Any CPU.Build.0 = Release|Any CPU
		{312FF6C7-936E-44DF-A1A6-4D5791B87597}.Release|x64.ActiveCfg = Release|Any CPU
		{312FF6C7-936E-44DF-A1A6-4D5791B87597}.Release|x64.Build.0 = Release|Any CPU
		{312FF6C7-936E-44DF-A1A6-4D5791B87597}.Release|x86.ActiveCfg = Release|Any CPU
		{312FF6C7-936E-44DF-A1A6-4D5791B87597}.Release|x86.Build.0 = Release|Any CPU
		{C8326FC5-8CA7-48C5-919D-245FF096A012}.Debug|Any CPU.ActiveCfg = Debug|Any CPU
		{C8326FC5-8CA7-48C5-919D-245FF096A012}.Debug|Any CPU.Build.0 = Debug|Any CPU
		{C8326FC5-8CA7-48C5-919D-245FF096A012}.Debug|x64.ActiveCfg = Debug|Any CPU
		{C8326FC5-8CA7-48C5-919D-245FF096A012}.Debug|x64.Build.0 = Debug|Any CPU
		{C8326FC5-8CA7-48C5-919D-245FF096A012}.Debug|x86.ActiveCfg = Debug|Any CPU
		{C8326FC5-8CA7-48C5-919D-245FF096A012}.Debug|x86.Build.0 = Debug|Any CPU
		{C8326FC5-8CA7-48C5-919D-245FF096A012}.Release|Any CPU.ActiveCfg = Release|Any CPU
		{C8326FC5-8CA7-48C5-919D-245FF096A012}.Release|Any CPU.Build.0 = Release|Any CPU
		{C8326FC5-8CA7-48C5-919D-245FF096A012}.Release|x64.ActiveCfg = Release|Any CPU
		{C8326FC5-8CA7-48C5-919D-245FF096A012}.Release|x64.Build.0 = Release|Any CPU
		{C8326FC5-8CA7-48C5-919D-245FF096A012}.Release|x86.ActiveCfg = Release|Any CPU
		{C8326FC5-8CA7-48C5-919D-245FF096A012}.Release|x86.Build.0 = Release|Any CPU
	EndGlobalSection
EndGlobal
